
Microsoft Visual Studio Solution File, Format Version 12.00
# Visual Studio Version 16
VisualStudioVersion = 16.0.31205.134
MinimumVisualStudioVersion = 10.0.40219.1
Project("{8BC9CEB8-8B4A-11D0-8D11-00A0C91BC942}") = "factorialcpp", "factorialcpp\factorialcpp.vcxproj", "{CD067F12-1CAE-4E94-8E41-856D21699887}"
EndProject
Global
	GlobalSection(SolutionConfigurationPlatforms) = preSolution
		Debug|x64 = Debug|x64
		Debug|x86 = Debug|x86
		Release|x64 = Release|x64
		Release|x86 = Release|x86
	EndGlobalSection
	GlobalSection(ProjectConfigurationPlatforms) = postSolution
		{CD067F12-1CAE-4E94-8E41-856D21699887}.Debug|x64.ActiveCfg = Debug|x64
		{CD067F12-1CAE-4E94-8E41-856D21699887}.Debug|x64.Build.0 = Debug|x64
		{CD067F12-1CAE-4E94-8E41-856D21699887}.Debug|x86.ActiveCfg = Debug|Win32
		{CD067F12-1CAE-4E94-8E41-856D21699887}.Debug|x86.Build.0 = Debug|Win32
		{CD067F12-1CAE-4E94-8E41-856D21699887}.Release|x64.ActiveCfg = Release|x64
		{CD067F12-1CAE-4E94-8E41-856D21699887}.Release|x64.Build.0 = Release|x64
		{CD067F12-1CAE-4E94-8E41-856D21699887}.Release|x86.ActiveCfg = Release|Win32
		{CD067F12-1CAE-4E94-8E41-856D21699887}.Release|x86.Build.0 = Release|Win32
	EndGlobalSection
	GlobalSection(SolutionProperties) = preSolution
		HideSolutionNode = FALSE
	EndGlobalSection
	GlobalSection(ExtensibilityGlobals) = postSolution
		SolutionGuid = {867F6529-75AA-4F5E-BD99-0A531F60AB90}
	EndGlobalSection
EndGlobal
